
Microsoft Visual Studio Solution File, Format Version 12.00
# Visual Studio Version 16
VisualStudioVersion = 16.0.29509.3
MinimumVisualStudioVersion = 10.0.40219.1
Project("{9A19103F-16F7-4668-BE54-9A1E7A4F7556}") = "NetCore3_api.Domain", "NetCore3_api.Domain\NetCore3_api.Domain.csproj", "{773B9A25-CABB-4316-A101-D6E59B38D97A}"
EndProject
Project("{9A19103F-16F7-4668-BE54-9A1E7A4F7556}") = "NetCore3_api.Infrastructure", "NetCore3_api.Infrastructure\NetCore3_api.Infrastructure.csproj", "{42072EDE-393E-4720-AAD5-6DDE4A97FBF5}"
EndProject
Project("{9A19103F-16F7-4668-BE54-9A1E7A4F7556}") = "NetCore3_api.WebApi", "NetCore3_api.WebApi\NetCore3_api.WebApi.csproj", "{FBA0D7E7-62BE-4EC0-83BA-BAE101773FAA}"
EndProject
Project("{FAE04EC0-301F-11D3-BF4B-00C04F79EFBC}") = "NetCore3_api.Infrastructure.Tests", "NetCore3_api.Infrastructure.Tests\NetCore3_api.Infrastructure.Tests.csproj", "{CEA3C9CF-6847-4777-B084-16D8F9BCCA47}"
EndProject
Global
	GlobalSection(SolutionConfigurationPlatforms) = preSolution
		Debug|Any CPU = Debug|Any CPU
		Release|Any CPU = Release|Any CPU
	EndGlobalSection
	GlobalSection(ProjectConfigurationPlatforms) = postSolution
		{773B9A25-CABB-4316-A101-D6E59B38D97A}.Debug|Any CPU.ActiveCfg = Debug|Any CPU
		{773B9A25-CABB-4316-A101-D6E59B38D97A}.Debug|Any CPU.Build.0 = Debug|Any CPU
		{773B9A25-CABB-4316-A101-D6E59B38D97A}.Release|Any CPU.ActiveCfg = Release|Any CPU
		{773B9A25-CABB-4316-A101-D6E59B38D97A}.Release|Any CPU.Build.0 = Release|Any CPU
		{42072EDE-393E-4720-AAD5-6DDE4A97FBF5}.Debug|Any CPU.ActiveCfg = Debug|Any CPU
		{42072EDE-393E-4720-AAD5-6DDE4A97FBF5}.Debug|Any CPU.Build.0 = Debug|Any CPU
		{42072EDE-393E-4720-AAD5-6DDE4A97FBF5}.Release|Any CPU.ActiveCfg = Release|Any CPU
		{42072EDE-393E-4720-AAD5-6DDE4A97FBF5}.Release|Any CPU.Build.0 = Release|Any CPU
		{FBA0D7E7-62BE-4EC0-83BA-BAE101773FAA}.Debug|Any CPU.ActiveCfg = Debug|Any CPU
		{FBA0D7E7-62BE-4EC0-83BA-BAE101773FAA}.Debug|Any CPU.Build.0 = Debug|Any CPU
		{FBA0D7E7-62BE-4EC0-83BA-BAE101773FAA}.Release|Any CPU.ActiveCfg = Release|Any CPU
		{FBA0D7E7-62BE-4EC0-83BA-BAE101773FAA}.Release|Any CPU.Build.0 = Release|Any CPU
		{CEA3C9CF-6847-4777-B084-16D8F9BCCA47}.Debug|Any CPU.ActiveCfg = Debug|Any CPU
		{CEA3C9CF-6847-4777-B084-16D8F9BCCA47}.Debug|Any CPU.Build.0 = Debug|Any CPU
		{CEA3C9CF-6847-4777-B084-16D8F9BCCA47}.Release|Any CPU.ActiveCfg = Release|Any CPU
		{CEA3C9CF-6847-4777-B084-16D8F9BCCA47}.Release|Any CPU.Build.0 = Release|Any CPU
	EndGlobalSection
	GlobalSection(SolutionProperties) = preSolution
		HideSolutionNode = FALSE
	EndGlobalSection
	GlobalSection(ExtensibilityGlobals) = postSolution
		SolutionGuid = {51DA6FB4-A353-4788-9579-E57F2885B0A6}
	EndGlobalSection
EndGlobal
